{
  "version": 4,
  "terraform_version": "1.15.6",
  "serial": 1,
  "lineage": "e27a8843-9fad-9433-9ce9-250ee16c7e77",
  "outputs": {
    "message": {
      "value": "Fichier créé avec succès par Terraform",
      "type": "string"
    }
  },
  "resources": [
    {
      "mode": "managed",
      "type": "local_file",
      "name": "devops_file",
      "provider": "provider[\"registry.terraform.io/hashicorp/local\"]",
      "instances": [
        {
          "schema_version": 0,
          "attributes": {
            "content": "TP DevOps UCAD - Terraform fonctionne correctement.",
            "content_base64": null,
            "content_base64sha256": "ioqNjh7CHTT52dw8y+NC8MdUFfpgEq5KIQQv80f5FdM=",
            "content_base64sha512": "VgFG4w4N85dXvnKs6tw2WOTgm2EDxTO6Hi+aGf96isC8+MqdCYO7Av4KFTC9s3LrQYwejbMNjTTeVVSRUDkZig==",
            "content_md5": "97ea24227d2adfa630652b6b0af1ff17",
            "content_sha1": "9ed3c4027a2c17acad9c7f5cf79ae75ae771b8db",
            "content_sha256": "8a8a8d8e1ec21d34f9d9dc3ccbe342f0c75415fa6012ae4a21042ff347f915d3",
            "content_sha512": "560146e30e0df39757be72aceadc3658e4e09b6103c533ba1e2f9a19ff7a8ac0bcf8ca9d0983bb02fe0a1530bdb372eb418c1e8db30d8d34de5554915039198a",
            "directory_permission": "0777",
            "file_permission": "0777",
            "filename": "devops.txt",
            "id": "9ed3c4027a2c17acad9c7f5cf79ae75ae771b8db",
            "sensitive_content": null,
            "source": null
          },
          "sensitive_attributes": [
            [
              {
                "type": "get_attr",
                "value": "sensitive_content"
              }
            ]
          ],
          "identity_schema_version": 0
        }
      ]
    }
  ],
  "check_results": null
}
